
Microsoft Visual Studio Solution File, Format Version 12.00
# Visual Studio 15
VisualStudioVersion = 15.0.28307.421
MinimumVisualStudioVersion = 10.0.40219.1
Project("{FAE04EC0-301F-11D3-BF4B-00C04F79EFBC}") = "ClassSampleMDBook", "ClassSampleMDBook\ClassSampleMDBook.csproj", "{5CF8FAD1-C435-4A39-B6F0-238DF139BCD8}"
EndProject
Global
	GlobalSection(SolutionConfigurationPlatforms) = preSolution
		Debug|Any CPU = Debug|Any CPU
		Release|Any CPU = Release|Any CPU
	EndGlobalSection
	GlobalSection(ProjectConfigurationPlatforms) = postSolution
		{5CF8FAD1-C435-4A39-B6F0-238DF139BCD8}.Debug|Any CPU.ActiveCfg = Debug|Any CPU
		{5CF8FAD1-C435-4A39-B6F0-238DF139BCD8}.Debug|Any CPU.Build.0 = Debug|Any CPU
		{5CF8FAD1-C435-4A39-B6F0-238DF139BCD8}.Release|Any CPU.ActiveCfg = Release|Any CPU
		{5CF8FAD1-C435-4A39-B6F0-238DF139BCD8}.Release|Any CPU.Build.0 = Release|Any CPU
	EndGlobalSection
	GlobalSection(SolutionProperties) = preSolution
		HideSolutionNode = FALSE
	EndGlobalSection
	GlobalSection(ExtensibilityGlobals) = postSolution
		SolutionGuid = {D79AA56E-846A-4B61-80F7-700D919C8B92}
	EndGlobalSection
EndGlobal
